// !$*UTF8*$!
{
	archiveVersion = 1;
	classes = {
	};
	objectVersion = 46;
	objects = {

/* Begin PBXBuildFile section */
		118476A51F2BA23E0036B0A4 /* AppDelegate.swift in Sources */ = {isa = PBXBuildFile; fileRef = 118476A41F2BA23E0036B0A4 /* AppDelegate.swift */; };
		118476A71F2BA23E0036B0A4 /* ViewController.swift in Sources */ = {isa = PBXBuildFile; fileRef = 118476A61F2BA23E0036B0A4 /* ViewController.swift */; };
		118476AA1F2BA23E0036B0A4 /* Main.storyboard in Resources */ = {isa = PBXBuildFile; fileRef = 118476A81F2BA23E0036B0A4 /* Main.storyboard */; };
		118476AD1F2BA23E0036B0A4 /* GitSimpleProject.xcdatamodeld in Sources */ = {isa = PBXBuildFile; fileRef = 118476AB1F2BA23E0036B0A4 /* GitSimpleProject.xcdatamodeld */; };
		118476AF1F2BA23E0036B0A4 /* Assets.xcassets in Resources */ = {isa = PBXBuildFile; fileRef = 118476AE1F2BA23E0036B0A4 /* Assets.xcassets */; };
		118476B21F2BA23E0036B0A4 /* LaunchScreen.storyboard in Resources */ = {isa = PBXBuildFile; fileRef = 118476B01F2BA23E0036B0A4 /* LaunchScreen.storyboard */; };
/* End PBXBuildFile section */

/* Begin PBXFileReference section */
		118476A11F2BA23E0036B0A4 /* GitSimpleProject.app */ = {isa = PBXFileReference; explicitFileType = wrapper.application; includeInIndex = 0; path = GitSimpleProject.app; sourceTree = BUILT_PRODUCTS_DIR; };
		118476A41F2BA23E0036B0A4 /* AppDelegate.swift */ = {isa = PBXFileReference; lastKnownFileType = sourcecode.swift; path = AppDelegate.swift; sourceTree = "<group>"; };
		118476A61F2BA23E0036B0A4 /* ViewController.swift */ = {isa = PBXFileReference; lastKnownFileType = sourcecode.swift; path = ViewController.swift; sourceTree = "<group>"; };
		118476A91F2BA23E0036B0A4 /* Base */ = {isa = PBXFileReference; lastKnownFileType = file.storyboard; name = Base; path = Base.lproj/Main.storyboard; sourceTree = "<group>"; };
		118476AC1F2BA23E0036B0A4 /* GitSimpleProject.xcdatamodel */ = {isa = PBXFileReference; lastKnownFileType = wrapper.xcdatamodel; path = GitSimpleProject.xcdatamodel; sourceTree = "<group>"; };
		118476AE1F2BA23E0036B0A4 /* Assets.xcassets */ = {isa = PBXFileReference; lastKnownFileType = folder.assetcatalog; path = Assets.xcassets; sourceTree = "<group>"; };
		118476B11F2BA23E0036B0A4 /* Base */ = {isa = PBXFileReference; lastKnownFileType = file.storyboard; name = Base; path = Base.lproj/LaunchScreen.storyboard; sourceTree = "<group>"; };
		118476B31F2BA23E0036B0A4 /* Info.plist */ = {isa = PBXFileReference; lastKnownFileType = text.plist.xml; path = Info.plist; sourceTree = "<group>"; };
/* End PBXFileReference section */

/* Begin PBXFrameworksBuildPhase section */
		1184769E1F2BA23E0036B0A4 /* Frameworks */ = {
			isa = PBXFrameworksBuildPhase;
			buildActionMask = 2147483647;
			files = (
			);
			runOnlyForDeploymentPostprocessing = 0;
		};
/* End PBXFrameworksBuildPhase section */

/* Begin PBXGroup section */
		118476981F2BA23E0036B0A4 = {
			isa = PBXGroup;
			children = (
				118476A31F2BA23E0036B0A4 /* GitSimpleProject */,
				118476A21F2BA23E0036B0A4 /* Products */,
			);
			sourceTree = "<group>";
		};
		118476A21F2BA23E0036B0A4 /* Products */ = {
			isa = PBXGroup;
			children = (
				118476A11F2BA23E0036B0A4 /* GitSimpleProject.app */,
			);
			name = Products;
			sourceTree = "<group>";
		};
		118476A31F2BA23E0036B0A4 /* GitSimpleProject */ = {
			isa = PBXGroup;
			children = (
				118476A41F2BA23E0036B0A4 /* AppDelegate.swift */,
				118476A61F2BA23E0036B0A4 /* ViewController.swift */,
				118476A81F2BA23E0036B0A4 /* Main.storyboard */,
				118476AE1F2BA23E0036B0A4 /* Assets.xcassets */,
				118476B01F2BA23E0036B0A4 /* LaunchScreen.storyboard */,
				118476B31F2BA23E0036B0A4 /* Info.plist */,
				118476AB1F2BA23E0036B0A4 /* GitSimpleProject.xcdatamodeld */,
			);
			path = GitSimpleProject;
			sourceTree = "<group>";
		};
/* End PBXGroup section */

/* Begin PBXNativeTarget section */
		118476A01F2BA23E0036B0A4 /* GitSimpleProject */ = {
			isa = PBXNativeTarget;
			buildConfigurationList = 118476B61F2BA23E0036B0A4 /* Build configuration list for PBXNativeTarget "GitSimpleProject" */;
			buildPhases = (
				1184769D1F2BA23E0036B0A4 /* Sources */,
				1184769E1F2BA23E0036B0A4 /* Frameworks */,
				1184769F1F2BA23E0036B0A4 /* Resources */,
			);
			buildRules = (
			);
			dependencies = (
			);
			name = GitSimpleProject;
			productName = GitSimpleProject;
			productReference = 118476A11F2BA23E0036B0A4 /* GitSimpleProject.app */;
			productType = "com.apple.product-type.application";
		};
/* End PBXNativeTarget section */

/* Begin PBXProject section */
		118476991F2BA23E0036B0A4 /* Project object */ = {
			isa = PBXProject;
			attributes = {
				LastSwiftUpdateCheck = 0830;
				LastUpgradeCheck = 0830;
				ORGANIZATIONNAME = "Saikat Mostofa";
				TargetAttributes = {
					118476A01F2BA23E0036B0A4 = {
						CreatedOnToolsVersion = 8.3.3;
						ProvisioningStyle = Automatic;
					};
				};
			};
			buildConfigurationList = 1184769C1F2BA23E0036B0A4 /* Build configuration list for PBXProject "GitSimpleProject" */;
			compatibilityVersion = "Xcode 3.2";
			developmentRegion = English;
			hasScannedForEncodings = 0;
			knownRegions = (
				en,
				Base,
			);
			mainGroup = 118476981F2BA23E0036B0A4;
			productRefGroup = 118476A21F2BA23E0036B0A4 /* Products */;
			projectDirPath = "";
			projectRoot = "";
			targets = (
				118476A01F2BA23E0036B0A4 /* GitSimpleProject */,
			);
		};
/* End PBXProject section */

/* Begin PBXResourcesBuildPhase section */
		1184769F1F2BA23E0036B0A4 /* Resources */ = {
			isa = PBXResourcesBuildPhase;
			buildActionMask = 2147483647;
			files = (
				118476B21F2BA23E0036B0A4 /* LaunchScreen.storyboard in Resources */,
				118476AF1F2BA23E0036B0A4 /* Assets.xcassets in Resources */,
				118476AA1F2BA23E0036B0A4 /* Main.storyboard in Resources */,
			);
			runOnlyForDeploymentPostprocessing = 0;
		};
/* End PBXResourcesBuildPhase section */

/* Begin PBXSourcesBuildPhase section */
		1184769D1F2BA23E0036B0A4 /* Sources */ = {
			isa = PBXSourcesBuildPhase;
			buildActionMask = 2147483647;
			files = (
				118476A71F2BA23E0036B0A4 /* ViewController.swift in Sources */,
				118476AD1F2BA23E0036B0A4 /* GitSimpleProject.xcdatamodeld in Sources */,
				118476A51F2BA23E0036B0A4 /* AppDelegate.swift in Sources */,
			);
			runOnlyForDeploymentPostprocessing = 0;
		};
/* End PBXSourcesBuildPhase section */

/* Begin PBXVariantGroup section */
		118476A81F2BA23E0036B0A4 /* Main.storyboard */ = {
			isa = PBXVariantGroup;
			children = (
				118476A91F2BA23E0036B0A4 /* Base */,
			);
			name = Main.storyboard;
			sourceTree = "<group>";
		};
		118476B01F2BA23E0036B0A4 /* LaunchScreen.storyboard */ = {
			isa = PBXVariantGroup;
			children = (
				118476B11F2BA23E0036B0A4 /* Base */,
			);
			name = LaunchScreen.storyboard;
			sourceTree = "<group>";
		};
/* End PBXVariantGroup section */

/* Begin XCBuildConfiguration section */
		118476B41F2BA23E0036B0A4 /* Debug */ = {
			isa = XCBuildConfiguration;
			buildSettings = {
				ALWAYS_SEARCH_USER_PATHS = NO;
				CLANG_ANALYZER_NONNULL = YES;
				CLANG_ANALYZER_NUMBER_OBJECT_CONVERSION = YES_AGGRESSIVE;
				CLANG_CXX_LANGUAGE_STANDARD = "gnu++0x";
				CLANG_CXX_LIBRARY = "libc++";
				CLANG_ENABLE_MODULES = YES;
				CLANG_ENABLE_OBJC_ARC = YES;
				CLANG_WARN_BOOL_CONVERSION = YES;
				CLANG_WARN_CONSTANT_CONVERSION = YES;
				CLANG_WARN_DIRECT_OBJC_ISA_USAGE = YES_ERROR;
				CLANG_WARN_DOCUMENTATION_COMMENTS = YES;
				CLANG_WARN_EMPTY_BODY = YES;
				CLANG_WARN_ENUM_CONVERSION = YES;
				CLANG_WARN_INFINITE_RECURSION = YES;
				CLANG_WARN_INT_CONVERSION = YES;
				CLANG_WARN_OBJC_ROOT_CLASS = YES_ERROR;
				CLANG_WARN_SUSPICIOUS_MOVE = YES;
				CLANG_WARN_UNREACHABLE_CODE = YES;
				CLANG_WARN__DUPLICATE_METHOD_MATCH = YES;
				"CODE_SIGN_IDENTITY[sdk=iphoneos*]" = "iPhone Developer";
				COPY_PHASE_STRIP = NO;
				DEBUG_INFORMATION_FORMAT = dwarf;
				ENABLE_STRICT_OBJC_MSGSEND = YES;
				ENABLE_TESTABILITY = YES;
				GCC_C_LANGUAGE_STANDARD = gnu99;
				GCC_DYNAMIC_NO_PIC = NO;
				GCC_NO_COMMON_BLOCKS = YES;
				GCC_OPTIMIZATION_LEVEL = 0;
				GCC_PREPROCESSOR_DEFINITIONS = (
					"DEBUG=1",
					"$(inherited)",
				);
				GCC_WARN_64_TO_32_BIT_CONVERSION = YES;
				GCC_WARN_ABOUT_RETURN_TYPE = YES_ERROR;
				GCC_WARN_UNDECLARED_SELECTOR = YES;
				GCC_WARN_UNINITIALIZED_AUTOS = YES_AGGRESSIVE;
				GCC_WARN_UNUSED_FUNCTION = YES;
				GCC_WARN_UNUSED_VARIABLE = YES;
				IPHONEOS_DEPLOYMENT_TARGET = 10.3;
				MTL_ENABLE_DEBUG_INFO = YES;
				ONLY_ACTIVE_ARCH = YES;
				SDKROOT = iphoneos;
				SWIFT_ACTIVE_COMPILATION_CONDITIONS = DEBUG;
				SWIFT_OPTIMIZATION_LEVEL = "-Onone";
			};
			name = Debug;
		};
		118476B51F2BA23E0036B0A4 /* Release */ = {
			isa = XCBuildConfiguration;
			buildSettings = {
				ALWAYS_SEARCH_USER_PATHS = NO;
				CLANG_ANALYZER_NONNULL = YES;
				CLANG_ANALYZER_NUMBER_OBJECT_CONVERSION = YES_AGGRESSIVE;
				CLANG_CXX_LANGUAGE_STANDARD = "gnu++0x";
				CLANG_CXX_LIBRARY = "libc++";
				CLANG_ENABLE_MODULES = YES;
				CLANG_ENABLE_OBJC_ARC = YES;
				CLANG_WARN_BOOL_CONVERSION = YES;
				CLANG_WARN_CONSTANT_CONVERSION = YES;
				CLANG_WARN_DIRECT_OBJC_ISA_USAGE = YES_ERROR;
				CLANG_WARN_DOCUMENTATION_COMMENTS = YES;
				CLANG_WARN_EMPTY_BODY = YES;
				CLANG_WARN_ENUM_CONVERSION = YES;
				CLANG_WARN_INFINITE_RECURSION = YES;
				CLANG_WARN_INT_CONVERSION = YES;
				CLANG_WARN_OBJC_ROOT_CLASS = YES_ERROR;
				CLANG_WARN_SUSPICIOUS_MOVE = YES;
				CLANG_WARN_UNREACHABLE_CODE = YES;
				CLANG_WARN__DUPLICATE_METHOD_MATCH = YES;
				"CODE_SIGN_IDENTITY[sdk=iphoneos*]" = "iPhone Developer";
				COPY_PHASE_STRIP = NO;
				DEBUG_INFORMATION_FORMAT = "dwarf-with-dsym";
				ENABLE_NS_ASSERTIONS = NO;
				ENABLE_STRICT_OBJC_MSGSEND = YES;
				GCC_C_LANGUAGE_STANDARD = gnu99;
				GCC_NO_COMMON_BLOCKS = YES;
				GCC_WARN_64_TO_32_BIT_CONVERSION = YES;
				GCC_WARN_ABOUT_RETURN_TYPE = YES_ERROR;
				GCC_WARN_UNDECLARED_SELECTOR = YES;
				GCC_WARN_UNINITIALIZED_AUTOS = YES_AGGRESSIVE;
				GCC_WARN_UNUSED_FUNCTION = YES;
				GCC_WARN_UNUSED_VARIABLE = YES;
				IPHONEOS_DEPLOYMENT_TARGET = 10.3;
				MTL_ENABLE_DEBUG_INFO = NO;
				SDKROOT = iphoneos;
				SWIFT_OPTIMIZATION_LEVEL = "-Owholemodule";
				VALIDATE_PRODUCT = YES;
			};
			name = Release;
		};
		118476B71F2BA23E0036B0A4 /* Debug */ = {
			isa = XCBuildConfiguration;
			buildSettings = {
				ASSETCATALOG_COMPILER_APPICON_NAME = AppIcon;
				INFOPLIST_FILE = GitSimpleProject/Info.plist;
				LD_RUNPATH_SEARCH_PATHS = "$(inherited) @executable_path/Frameworks";
				PRODUCT_BUNDLE_IDENTIFIER = com.saikat.GitSimpleProject;
				PRODUCT_NAME = "$(TARGET_NAME)";
				SWIFT_VERSION = 3.0;
			};
			name = Debug;
		};
		118476B81F2BA23E0036B0A4 /* Release */ = {
			isa = XCBuildConfiguration;
			buildSettings = {
				ASSETCATALOG_COMPILER_APPICON_NAME = AppIcon;
				INFOPLIST_FILE = GitSimpleProject/Info.plist;
				LD_RUNPATH_SEARCH_PATHS = "$(inherited) @executable_path/Frameworks";
				PRODUCT_BUNDLE_IDENTIFIER = com.saikat.GitSimpleProject;
				PRODUCT_NAME = "$(TARGET_NAME)";
				SWIFT_VERSION = 3.0;
			};
			name = Release;
		};
/* End XCBuildConfiguration section */

/* Begin XCConfigurationList section */
		1184769C1F2BA23E0036B0A4 /* Build configuration list for PBXProject "GitSimpleProject" */ = {
			isa = XCConfigurationList;
			buildConfigurations = (
				118476B41F2BA23E0036B0A4 /* Debug */,
				118476B51F2BA23E0036B0A4 /* Release */,
			);
			defaultConfigurationIsVisible = 0;
			defaultConfigurationName = Release;
		};
		118476B61F2BA23E0036B0A4 /* Build configuration list for PBXNativeTarget "GitSimpleProject" */ = {
			isa = XCConfigurationList;
			buildConfigurations = (
				118476B71F2BA23E0036B0A4 /* Debug */,
				118476B81F2BA23E0036B0A4 /* Release */,
			);
			defaultConfigurationIsVisible = 0;
		};
/* End XCConfigurationList section */

/* Begin XCVersionGroup section */
		118476AB1F2BA23E0036B0A4 /* GitSimpleProject.xcdatamodeld */ = {
			isa = XCVersionGroup;
			children = (
				118476AC1F2BA23E0036B0A4 /* GitSimpleProject.xcdatamodel */,
			);
			currentVersion = 118476AC1F2BA23E0036B0A4 /* GitSimpleProject.xcdatamodel */;
			path = GitSimpleProject.xcdatamodeld;
			sourceTree = "<group>";
			versionGroupType = wrapper.xcdatamodel;
		};
/* End XCVersionGroup section */
	};
	rootObject = 118476991F2BA23E0036B0A4 /* Project object */;
}
